
Microsoft Visual Studio Solution File, Format Version 11.00
# Visual Studio 2010
Project("{FAE04EC0-301F-11D3-BF4B-00C04F79EFBC}") = "notepad", "notepad\notepad.csproj", "{7FF798B0-C1F7-414B-A034-C0FC957844FB}"
EndProject
Global
	GlobalSection(SolutionConfigurationPlatforms) = preSolution
		Debug|x86 = Debug|x86
		Release|x86 = Release|x86
	EndGlobalSection
	GlobalSection(ProjectConfigurationPlatforms) = postSolution
		{7FF798B0-C1F7-414B-A034-C0FC957844FB}.Debug|x86.ActiveCfg = Debug|x86
		{7FF798B0-C1F7-414B-A034-C0FC957844FB}.Debug|x86.Build.0 = Debug|x86
		{7FF798B0-C1F7-414B-A034-C0FC957844FB}.Release|x86.ActiveCfg = Release|x86
		{7FF798B0-C1F7-414B-A034-C0FC957844FB}.Release|x86.Build.0 = Release|x86
	EndGlobalSection
	GlobalSection(SolutionProperties) = preSolution
		HideSolutionNode = FALSE
	EndGlobalSection
EndGlobal
